
Microsoft Visual Studio Solution File, Format Version 12.00
# Visual Studio Version 17
VisualStudioVersion = 17.7.34031.279
MinimumVisualStudioVersion = 10.0.40219.1
Project("{888888A0-9F3D-457C-B088-3A5042F75D52}") = "Python_lesson_4_1", "Python_lesson_4_1\Python_lesson_4_1.pyproj", "{38D8C36A-54BE-4C81-9F72-AF46E081BB6F}"
EndProject
Global
	GlobalSection(SolutionConfigurationPlatforms) = preSolution
		Debug|Any CPU = Debug|Any CPU
		Release|Any CPU = Release|Any CPU
	EndGlobalSection
	GlobalSection(ProjectConfigurationPlatforms) = postSolution
		{38D8C36A-54BE-4C81-9F72-AF46E081BB6F}.Debug|Any CPU.ActiveCfg = Debug|Any CPU
		{38D8C36A-54BE-4C81-9F72-AF46E081BB6F}.Release|Any CPU.ActiveCfg = Release|Any CPU
	EndGlobalSection
	GlobalSection(SolutionProperties) = preSolution
		HideSolutionNode = FALSE
	EndGlobalSection
	GlobalSection(ExtensibilityGlobals) = postSolution
		SolutionGuid = {60EB8198-E0E9-4246-B7E8-9F5F5564F2AD}
	EndGlobalSection
EndGlobal
